
Microsoft Visual Studio Solution File, Format Version 12.00
# Visual Studio Version 17
VisualStudioVersion = 17.3.32819.101
MinimumVisualStudioVersion = 10.0.40219.1
Project("{FAE04EC0-301F-11D3-BF4B-00C04F79EFBC}") = "WindowsFormsApp3", "WindowsFormsApp3\WindowsFormsApp3.csproj", "{BD8CCF62-72B5-4C7D-9828-67D95CBD558A}"
EndProject
Global
	GlobalSection(SolutionConfigurationPlatforms) = preSolution
		Debug|Any CPU = Debug|Any CPU
		Release|Any CPU = Release|Any CPU
	EndGlobalSection
	GlobalSection(ProjectConfigurationPlatforms) = postSolution
		{BD8CCF62-72B5-4C7D-9828-67D95CBD558A}.Debug|Any CPU.ActiveCfg = Debug|Any CPU
		{BD8CCF62-72B5-4C7D-9828-67D95CBD558A}.Debug|Any CPU.Build.0 = Debug|Any CPU
		{BD8CCF62-72B5-4C7D-9828-67D95CBD558A}.Release|Any CPU.ActiveCfg = Release|Any CPU
		{BD8CCF62-72B5-4C7D-9828-67D95CBD558A}.Release|Any CPU.Build.0 = Release|Any CPU
	EndGlobalSection
	GlobalSection(SolutionProperties) = preSolution
		HideSolutionNode = FALSE
	EndGlobalSection
	GlobalSection(ExtensibilityGlobals) = postSolution
		SolutionGuid = {BBFCE271-01CC-403F-9111-6C6C237002F7}
	EndGlobalSection
EndGlobal
